Microsoft Visual Studio Solution File, Format Version 12.00
# Visual Studio 2012
Project("{FAE04EC0-301F-11D3-BF4B-00C04F79EFBC}") = "ThemeSplitButtontem", "ThemeSplitButtontem\ThemeSplitButtontem.csproj", "{F23333E7-17FD-4334-90C0-FAEE2EFA3CEC}"
EndProject
Global
	GlobalSection(SolutionConfigurationPlatforms) = preSolution
		Debug|Any CPU = Debug|Any CPU
		Release|Any CPU = Release|Any CPU
	EndGlobalSection
	GlobalSection(ProjectConfigurationPlatforms) = postSolution
		{F23333E7-17FD-4334-90C0-FAEE2EFA3CEC}.Debug|Any CPU.ActiveCfg = Debug|Any CPU
		{F23333E7-17FD-4334-90C0-FAEE2EFA3CEC}.Debug|Any CPU.Build.0 = Debug|Any CPU
		{F23333E7-17FD-4334-90C0-FAEE2EFA3CEC}.Release|Any CPU.ActiveCfg = Release|Any CPU
		{F23333E7-17FD-4334-90C0-FAEE2EFA3CEC}.Release|Any CPU.Build.0 = Release|Any CPU
	EndGlobalSection
	GlobalSection(SolutionProperties) = preSolution
		HideSolutionNode = FALSE
	EndGlobalSection
EndGlobal
