Microsoft Visual Studio Solution File, Format Version 12.00
# Visual Studio 2012
Project("{F184B08F-C81C-45F6-A57F-5ABD9991F28F}") = "ThemeSplitButtontem", "ThemeSplitButtontem\ThemeSplitButtontem.vbproj", "{F23333E7-17FD-4334-90C0-FAEE2EFA3CEC}"
EndProject
Global
	GlobalSection(SolutionConfigurationPlatforms) = preSolution
		Debug|Any CPU = Debug|Any CPU
		Release|Any CPU = Release|Any CPU
	EndGlobalSection
	GlobalSection(ProjectConfigurationPlatforms) = postSolution
		{F23333E7-17FD-4334-90C0-FAEE2EFA3CEC}.Debug|Any CPU.ActiveCfg = Debug|Any CPU
		{F23333E7-17FD-4334-90C0-FAEE2EFA3CEC}.Debug|Any CPU.Build.0 = Debug|Any CPU
		{F23333E7-17FD-4334-90C0-FAEE2EFA3CEC}.Release|Any CPU.ActiveCfg = Release|Any CPU
		{F23333E7-17FD-4334-90C0-FAEE2EFA3CEC}.Release|Any CPU.Build.0 = Release|Any CPU
	EndGlobalSection
	GlobalSection(SolutionProperties) = preSolution
		HideSolutionNode = FALSE
	EndGlobalSection
EndGlobal
